{
  "name": "TFG",
  "lockfileVersion": 3,
  "requires": true,
  "packages": {
    "": {
      "dependencies": {
        "pixelate": "^0.0.5"
      }
    },
    "node_modules/pixelate": {
      "version": "0.0.5",
      "resolved": "https://registry.npmjs.org/pixelate/-/pixelate-0.0.5.tgz",
      "integrity": "sha512-KXTJLd0i9RAazpeX5NEFDNftDbtZh4LVFSucVjmUyUR7pF8YQe44mLC1KlKiCW55nfsIEKX+zyvetOmQ52NzRw=="
    }
  }
}
